// !$*UTF8*$!
{
	archiveVersion = 1;
	classes = {
	};
	objectVersion = 46;
	objects = {

/* Begin PBXBuildFile section */
		A20DDC6617B57B0400C26A1D /* NSMutableArray+Shuffle.m in Sources */ = {isa = PBXBuildFile; fileRef = A20DDC6517B57B0400C26A1D /* NSMutableArray+Shuffle.m */; };
		A22356E817B3804100D23E7C /* Foundation.framework in Frameworks */ = {isa = PBXBuildFile; fileRef = A22356E717B3804100D23E7C /* Foundation.framework */; };
		A22356EA17B3804100D23E7C /* CoreGraphics.framework in Frameworks */ = {isa = PBXBuildFile; fileRef = A22356E917B3804100D23E7C /* CoreGraphics.framework */; };
		A22356EC17B3804100D23E7C /* UIKit.framework in Frameworks */ = {isa = PBXBuildFile; fileRef = A22356EB17B3804100D23E7C /* UIKit.framework */; };
		A22356F217B3804100D23E7C /* InfoPlist.strings in Resources */ = {isa = PBXBuildFile; fileRef = A22356F017B3804100D23E7C /* InfoPlist.strings */; };
		A22356F417B3804100D23E7C /* main.m in Sources */ = {isa = PBXBuildFile; fileRef = A22356F317B3804100D23E7C /* main.m */; };
		A22356F817B3804100D23E7C /* AppDelegate.m in Sources */ = {isa = PBXBuildFile; fileRef = A22356F717B3804100D23E7C /* AppDelegate.m */; };
		A22356FB17B3804100D23E7C /* Main.storyboard in Resources */ = {isa = PBXBuildFile; fileRef = A22356F917B3804100D23E7C /* Main.storyboard */; };
		A22356FE17B3804100D23E7C /* ViewController.m in Sources */ = {isa = PBXBuildFile; fileRef = A22356FD17B3804100D23E7C /* ViewController.m */; };
		A223570017B3804100D23E7C /* Images.xcassets in Resources */ = {isa = PBXBuildFile; fileRef = A22356FF17B3804100D23E7C /* Images.xcassets */; };
		A223570717B3804200D23E7C /* XCTest.framework in Frameworks */ = {isa = PBXBuildFile; fileRef = A223570617B3804200D23E7C /* XCTest.framework */; };
		A223570817B3804200D23E7C /* Foundation.framework in Frameworks */ = {isa = PBXBuildFile; fileRef = A22356E717B3804100D23E7C /* Foundation.framework */; };
		A223570917B3804200D23E7C /* UIKit.framework in Frameworks */ = {isa = PBXBuildFile; fileRef = A22356EB17B3804100D23E7C /* UIKit.framework */; };
		A223571117B3804200D23E7C /* InfoPlist.strings in Resources */ = {isa = PBXBuildFile; fileRef = A223570F17B3804200D23E7C /* InfoPlist.strings */; };
		A223571317B3804200D23E7C /* PanoramioManiaTests.m in Sources */ = {isa = PBXBuildFile; fileRef = A223571217B3804200D23E7C /* PanoramioManiaTests.m */; };
		A223572D17B382DD00D23E7C /* icon.png in Resources */ = {isa = PBXBuildFile; fileRef = A223572B17B382DD00D23E7C /* icon.png */; };
		A223572E17B382DD00D23E7C /* panoramio.png in Resources */ = {isa = PBXBuildFile; fileRef = A223572C17B382DD00D23E7C /* panoramio.png */; };
		A223573317B3F05900D23E7C /* PanoramioController.m in Sources */ = {isa = PBXBuildFile; fileRef = A223573017B3F05900D23E7C /* PanoramioController.m */; };
		A223573417B3F05900D23E7C /* panoramioObject.m in Sources */ = {isa = PBXBuildFile; fileRef = A223573217B3F05900D23E7C /* panoramioObject.m */; };
		A223573717B3F06F00D23E7C /* AsyncImageView.m in Sources */ = {isa = PBXBuildFile; fileRef = A223573617B3F06F00D23E7C /* AsyncImageView.m */; };
		A23EDCB717B5A06200B1F695 /* GameController.m in Sources */ = {isa = PBXBuildFile; fileRef = A23EDCB617B5A06200B1F695 /* GameController.m */; };
		A2A8C67417B437DD0042EA88 /* PanoramioMania.plist in Resources */ = {isa = PBXBuildFile; fileRef = A2A8C67317B437DD0042EA88 /* PanoramioMania.plist */; };
		A2A8C67717B43D150042EA88 /* PanoramioModel.xcdatamodeld in Sources */ = {isa = PBXBuildFile; fileRef = A2A8C67517B43D150042EA88 /* PanoramioModel.xcdatamodeld */; };
		A2A8C67A17B43EC70042EA88 /* Location.m in Sources */ = {isa = PBXBuildFile; fileRef = A2A8C67917B43EC70042EA88 /* Location.m */; };
		A2A8C67D17B43EC80042EA88 /* Continent.m in Sources */ = {isa = PBXBuildFile; fileRef = A2A8C67C17B43EC80042EA88 /* Continent.m */; };
		A2A8C68017B43EC80042EA88 /* City.m in Sources */ = {isa = PBXBuildFile; fileRef = A2A8C67F17B43EC80042EA88 /* City.m */; };
		A2A8C68317B43EC80042EA88 /* Country.m in Sources */ = {isa = PBXBuildFile; fileRef = A2A8C68217B43EC80042EA88 /* Country.m */; };
		A2A8C68D17B45A9C0042EA88 /* PanoramioDataModelController.m in Sources */ = {isa = PBXBuildFile; fileRef = A2A8C68C17B45A9C0042EA88 /* PanoramioDataModelController.m */; };
		A2A8C68E17B45A9C0042EA88 /* PanoramioDataModelController.m in Sources */ = {isa = PBXBuildFile; fileRef = A2A8C68C17B45A9C0042EA88 /* PanoramioDataModelController.m */; };
/* End PBXBuildFile section */

/* Begin PBXContainerItemProxy section */
		A223570A17B3804200D23E7C /* PBXContainerItemProxy */ = {
			isa = PBXContainerItemProxy;
			containerPortal = A22356DC17B3804100D23E7C /* Project object */;
			proxyType = 1;
			remoteGlobalIDString = A22356E317B3804100D23E7C;
			remoteInfo = PanoramioMania;
		};
/* End PBXContainerItemProxy section */

/* Begin PBXFileReference section */
		A20DDC6417B57B0400C26A1D /* NSMutableArray+Shuffle.h */ = {isa = PBXFileReference; fileEncoding = 4; lastKnownFileType = sourcecode.c.h; path = "NSMutableArray+Shuffle.h"; sourceTree = "<group>"; };
		A20DDC6517B57B0400C26A1D /* NSMutableArray+Shuffle.m */ = {isa = PBXFileReference; fileEncoding = 4; lastKnownFileType = sourcecode.c.objc; path = "NSMutableArray+Shuffle.m"; sourceTree = "<group>"; };
		A22356E417B3804100D23E7C /* PanoramioMania.app */ = {isa = PBXFileReference; explicitFileType = wrapper.application; includeInIndex = 0; path = PanoramioMania.app; sourceTree = BUILT_PRODUCTS_DIR; };
		A22356E717B3804100D23E7C /* Foundation.framework */ = {isa = PBXFileReference; lastKnownFileType = wrapper.framework; name = Foundation.framework; path = System/Library/Frameworks/Foundation.framework; sourceTree = SDKROOT; };
		A22356E917B3804100D23E7C /* CoreGraphics.framework */ = {isa = PBXFileReference; lastKnownFileType = wrapper.framework; name = CoreGraphics.framework; path = System/Library/Frameworks/CoreGraphics.framework; sourceTree = SDKROOT; };
		A22356EB17B3804100D23E7C /* UIKit.framework */ = {isa = PBXFileReference; lastKnownFileType = wrapper.framework; name = UIKit.framework; path = System/Library/Frameworks/UIKit.framework; sourceTree = SDKROOT; };
		A22356EF17B3804100D23E7C /* PanoramioMania-Info.plist */ = {isa = PBXFileReference; lastKnownFileType = text.plist.xml; path = "PanoramioMania-Info.plist"; sourceTree = "<group>"; };
		A22356F117B3804100D23E7C /* en */ = {isa = PBXFileReference; lastKnownFileType = text.plist.strings; name = en; path = en.lproj/InfoPlist.strings; sourceTree = "<group>"; };
		A22356F317B3804100D23E7C /* main.m */ = {isa = PBXFileReference; lastKnownFileType = sourcecode.c.objc; path = main.m; sourceTree = "<group>"; };
		A22356F517B3804100D23E7C /* PanoramioMania-Prefix.pch */ = {isa = PBXFileReference; lastKnownFileType = sourcecode.c.h; path = "PanoramioMania-Prefix.pch"; sourceTree = "<group>"; };
		A22356F617B3804100D23E7C /* AppDelegate.h */ = {isa = PBXFileReference; lastKnownFileType = sourcecode.c.h; path = AppDelegate.h; sourceTree = "<group>"; };
		A22356F717B3804100D23E7C /* AppDelegate.m */ = {isa = PBXFileReference; lastKnownFileType = sourcecode.c.objc; path = AppDelegate.m; sourceTree = "<group>"; };
		A22356FA17B3804100D23E7C /* Base */ = {isa = PBXFileReference; lastKnownFileType = file.storyboard; name = Base; path = Base.lproj/Main.storyboard; sourceTree = "<group>"; };
		A22356FC17B3804100D23E7C /* ViewController.h */ = {isa = PBXFileReference; lastKnownFileType = sourcecode.c.h; path = ViewController.h; sourceTree = "<group>"; };
		A22356FD17B3804100D23E7C /* ViewController.m */ = {isa = PBXFileReference; lastKnownFileType = sourcecode.c.objc; path = ViewController.m; sourceTree = "<group>"; };
		A22356FF17B3804100D23E7C /* Images.xcassets */ = {isa = PBXFileReference; lastKnownFileType = folder.assetcatalog; path = Images.xcassets; sourceTree = "<group>"; };
		A223570517B3804200D23E7C /* PanoramioManiaTests.xctest */ = {isa = PBXFileReference; explicitFileType = wrapper.cfbundle; includeInIndex = 0; path = PanoramioManiaTests.xctest; sourceTree = BUILT_PRODUCTS_DIR; };
		A223570617B3804200D23E7C /* XCTest.framework */ = {isa = PBXFileReference; lastKnownFileType = wrapper.framework; name = XCTest.framework; path = Library/Frameworks/XCTest.framework; sourceTree = DEVELOPER_DIR; };
		A223570E17B3804200D23E7C /* PanoramioManiaTests-Info.plist */ = {isa = PBXFileReference; lastKnownFileType = text.plist.xml; path = "PanoramioManiaTests-Info.plist"; sourceTree = "<group>"; };
		A223571017B3804200D23E7C /* en */ = {isa = PBXFileReference; lastKnownFileType = text.plist.strings; name = en; path = en.lproj/InfoPlist.strings; sourceTree = "<group>"; };
		A223571217B3804200D23E7C /* PanoramioManiaTests.m */ = {isa = PBXFileReference; lastKnownFileType = sourcecode.c.objc; path = PanoramioManiaTests.m; sourceTree = "<group>"; };
		A223572B17B382DD00D23E7C /* icon.png */ = {isa = PBXFileReference; lastKnownFileType = image.png; path = icon.png; sourceTree = "<group>"; };
		A223572C17B382DD00D23E7C /* panoramio.png */ = {isa = PBXFileReference; lastKnownFileType = image.png; path = panoramio.png; sourceTree = "<group>"; };
		A223572F17B3F05900D23E7C /* PanoramioController.h */ = {isa = PBXFileReference; fileEncoding = 4; lastKnownFileType = sourcecode.c.h; path = PanoramioController.h; sourceTree = "<group>"; };
		A223573017B3F05900D23E7C /* PanoramioController.m */ = {isa = PBXFileReference; fileEncoding = 4; lastKnownFileType = sourcecode.c.objc; path = PanoramioController.m; sourceTree = "<group>"; };
		A223573117B3F05900D23E7C /* panoramioObject.h */ = {isa = PBXFileReference; fileEncoding = 4; lastKnownFileType = sourcecode.c.h; path = panoramioObject.h; sourceTree = "<group>"; };
		A223573217B3F05900D23E7C /* panoramioObject.m */ = {isa = PBXFileReference; fileEncoding = 4; lastKnownFileType = sourcecode.c.objc; path = panoramioObject.m; sourceTree = "<group>"; };
		A223573517B3F06F00D23E7C /* AsyncImageView.h */ = {isa = PBXFileReference; fileEncoding = 4; lastKnownFileType = sourcecode.c.h; path = AsyncImageView.h; sourceTree = "<group>"; };
		A223573617B3F06F00D23E7C /* AsyncImageView.m */ = {isa = PBXFileReference; fileEncoding = 4; lastKnownFileType = sourcecode.c.objc; path = AsyncImageView.m; sourceTree = "<group>"; };
		A23EDCB517B5A06200B1F695 /* GameController.h */ = {isa = PBXFileReference; fileEncoding = 4; lastKnownFileType = sourcecode.c.h; path = GameController.h; sourceTree = "<group>"; };
		A23EDCB617B5A06200B1F695 /* GameController.m */ = {isa = PBXFileReference; fileEncoding = 4; lastKnownFileType = sourcecode.c.objc; path = GameController.m; sourceTree = "<group>"; };
		A2A8C67317B437DD0042EA88 /* PanoramioMania.plist */ = {isa = PBXFileReference; fileEncoding = 4; lastKnownFileType = text.plist.xml; name = PanoramioMania.plist; path = PanoramioMania/PanoramioMania.plist; sourceTree = "<group>"; };
		A2A8C67617B43D150042EA88 /* PanoramioModel.xcdatamodel */ = {isa = PBXFileReference; lastKnownFileType = wrapper.xcdatamodel; path = PanoramioModel.xcdatamodel; sourceTree = "<group>"; };
		A2A8C67817B43EC70042EA88 /* Location.h */ = {isa = PBXFileReference; fileEncoding = 4; lastKnownFileType = sourcecode.c.h; path = Location.h; sourceTree = "<group>"; };
		A2A8C67917B43EC70042EA88 /* Location.m */ = {isa = PBXFileReference; fileEncoding = 4; lastKnownFileType = sourcecode.c.objc; path = Location.m; sourceTree = "<group>"; };
		A2A8C67B17B43EC80042EA88 /* Continent.h */ = {isa = PBXFileReference; fileEncoding = 4; lastKnownFileType = sourcecode.c.h; path = Continent.h; sourceTree = "<group>"; };
		A2A8C67C17B43EC80042EA88 /* Continent.m */ = {isa = PBXFileReference; fileEncoding = 4; lastKnownFileType = sourcecode.c.objc; path = Continent.m; sourceTree = "<group>"; };
		A2A8C67E17B43EC80042EA88 /* City.h */ = {isa = PBXFileReference; fileEncoding = 4; lastKnownFileType = sourcecode.c.h; path = City.h; sourceTree = "<group>"; };
		A2A8C67F17B43EC80042EA88 /* City.m */ = {isa = PBXFileReference; fileEncoding = 4; lastKnownFileType = sourcecode.c.objc; path = City.m; sourceTree = "<group>"; };
		A2A8C68117B43EC80042EA88 /* Country.h */ = {isa = PBXFileReference; fileEncoding = 4; lastKnownFileType = sourcecode.c.h; path = Country.h; sourceTree = "<group>"; };
		A2A8C68217B43EC80042EA88 /* Country.m */ = {isa = PBXFileReference; fileEncoding = 4; lastKnownFileType = sourcecode.c.objc; path = Country.m; sourceTree = "<group>"; };
		A2A8C68B17B45A9C0042EA88 /* PanoramioDataModelController.h */ = {isa = PBXFileReference; fileEncoding = 4; lastKnownFileType = sourcecode.c.h; name = PanoramioDataModelController.h; path = PanoramioMania/PanoramioDataModelController.h; sourceTree = "<group>"; };
		A2A8C68C17B45A9C0042EA88 /* PanoramioDataModelController.m */ = {isa = PBXFileReference; fileEncoding = 4; lastKnownFileType = sourcecode.c.objc; name = PanoramioDataModelController.m; path = PanoramioMania/PanoramioDataModelController.m; sourceTree = "<group>"; };
/* End PBXFileReference section */

/* Begin PBXFrameworksBuildPhase section */
		A22356E117B3804100D23E7C /* Frameworks */ = {
			isa = PBXFrameworksBuildPhase;
			buildActionMask = 2147483647;
			files = (
				A22356EA17B3804100D23E7C /* CoreGraphics.framework in Frameworks */,
				A22356EC17B3804100D23E7C /* UIKit.framework in Frameworks */,
				A22356E817B3804100D23E7C /* Foundation.framework in Frameworks */,
			);
			runOnlyForDeploymentPostprocessing = 0;
		};
		A223570217B3804200D23E7C /* Frameworks */ = {
			isa = PBXFrameworksBuildPhase;
			buildActionMask = 2147483647;
			files = (
				A223570717B3804200D23E7C /* XCTest.framework in Frameworks */,
				A223570917B3804200D23E7C /* UIKit.framework in Frameworks */,
				A223570817B3804200D23E7C /* Foundation.framework in Frameworks */,
			);
			runOnlyForDeploymentPostprocessing = 0;
		};
/* End PBXFrameworksBuildPhase section */

/* Begin PBXGroup section */
		A22356DB17B3804100D23E7C = {
			isa = PBXGroup;
			children = (
				A22356ED17B3804100D23E7C /* PanoramioMania */,
				A223570C17B3804200D23E7C /* PanoramioManiaTests */,
				A22356E617B3804100D23E7C /* Frameworks */,
				A22356E517B3804100D23E7C /* Products */,
			);
			sourceTree = "<group>";
		};
		A22356E517B3804100D23E7C /* Products */ = {
			isa = PBXGroup;
			children = (
				A22356E417B3804100D23E7C /* PanoramioMania.app */,
				A223570517B3804200D23E7C /* PanoramioManiaTests.xctest */,
			);
			name = Products;
			sourceTree = "<group>";
		};
		A22356E617B3804100D23E7C /* Frameworks */ = {
			isa = PBXGroup;
			children = (
				A22356E717B3804100D23E7C /* Foundation.framework */,
				A22356E917B3804100D23E7C /* CoreGraphics.framework */,
				A22356EB17B3804100D23E7C /* UIKit.framework */,
				A223570617B3804200D23E7C /* XCTest.framework */,
			);
			name = Frameworks;
			sourceTree = "<group>";
		};
		A22356ED17B3804100D23E7C /* PanoramioMania */ = {
			isa = PBXGroup;
			children = (
				A22356F617B3804100D23E7C /* AppDelegate.h */,
				A22356F717B3804100D23E7C /* AppDelegate.m */,
				A22356F917B3804100D23E7C /* Main.storyboard */,
				A22356FC17B3804100D23E7C /* ViewController.h */,
				A22356FD17B3804100D23E7C /* ViewController.m */,
				A23EDCB517B5A06200B1F695 /* GameController.h */,
				A23EDCB617B5A06200B1F695 /* GameController.m */,
				A223572A17B3820400D23E7C /* PanoramioModel */,
				A2A8C68417B43EF80042EA88 /* PanoramioDataModel */,
				A22356EE17B3804100D23E7C /* Supporting Files */,
			);
			path = PanoramioMania;
			sourceTree = "<group>";
		};
		A22356EE17B3804100D23E7C /* Supporting Files */ = {
			isa = PBXGroup;
			children = (
				A22356FF17B3804100D23E7C /* Images.xcassets */,
				A223573517B3F06F00D23E7C /* AsyncImageView.h */,
				A223573617B3F06F00D23E7C /* AsyncImageView.m */,
				A20DDC6417B57B0400C26A1D /* NSMutableArray+Shuffle.h */,
				A20DDC6517B57B0400C26A1D /* NSMutableArray+Shuffle.m */,
				A223572B17B382DD00D23E7C /* icon.png */,
				A223572C17B382DD00D23E7C /* panoramio.png */,
				A22356EF17B3804100D23E7C /* PanoramioMania-Info.plist */,
				A22356F017B3804100D23E7C /* InfoPlist.strings */,
				A22356F317B3804100D23E7C /* main.m */,
				A22356F517B3804100D23E7C /* PanoramioMania-Prefix.pch */,
			);
			name = "Supporting Files";
			sourceTree = "<group>";
		};
		A223570C17B3804200D23E7C /* PanoramioManiaTests */ = {
			isa = PBXGroup;
			children = (
				A223571217B3804200D23E7C /* PanoramioManiaTests.m */,
				A223570D17B3804200D23E7C /* Supporting Files */,
			);
			path = PanoramioManiaTests;
			sourceTree = "<group>";
		};
		A223570D17B3804200D23E7C /* Supporting Files */ = {
			isa = PBXGroup;
			children = (
				A223570E17B3804200D23E7C /* PanoramioManiaTests-Info.plist */,
				A223570F17B3804200D23E7C /* InfoPlist.strings */,
			);
			name = "Supporting Files";
			sourceTree = "<group>";
		};
		A223572A17B3820400D23E7C /* PanoramioModel */ = {
			isa = PBXGroup;
			children = (
				A223572F17B3F05900D23E7C /* PanoramioController.h */,
				A223573017B3F05900D23E7C /* PanoramioController.m */,
				A223573117B3F05900D23E7C /* panoramioObject.h */,
				A223573217B3F05900D23E7C /* panoramioObject.m */,
			);
			name = PanoramioModel;
			sourceTree = "<group>";
		};
		A2A8C68417B43EF80042EA88 /* PanoramioDataModel */ = {
			isa = PBXGroup;
			children = (
				A2A8C68B17B45A9C0042EA88 /* PanoramioDataModelController.h */,
				A2A8C68C17B45A9C0042EA88 /* PanoramioDataModelController.m */,
				A2A8C67317B437DD0042EA88 /* PanoramioMania.plist */,
				A2A8C67517B43D150042EA88 /* PanoramioModel.xcdatamodeld */,
				A2A8C67B17B43EC80042EA88 /* Continent.h */,
				A2A8C67C17B43EC80042EA88 /* Continent.m */,
				A2A8C68117B43EC80042EA88 /* Country.h */,
				A2A8C68217B43EC80042EA88 /* Country.m */,
				A2A8C67E17B43EC80042EA88 /* City.h */,
				A2A8C67F17B43EC80042EA88 /* City.m */,
				A2A8C67817B43EC70042EA88 /* Location.h */,
				A2A8C67917B43EC70042EA88 /* Location.m */,
			);
			name = PanoramioDataModel;
			path = ..;
			sourceTree = "<group>";
		};
/* End PBXGroup section */

/* Begin PBXNativeTarget section */
		A22356E317B3804100D23E7C /* PanoramioMania */ = {
			isa = PBXNativeTarget;
			buildConfigurationList = A223571617B3804200D23E7C /* Build configuration list for PBXNativeTarget "PanoramioMania" */;
			buildPhases = (
				A22356E017B3804100D23E7C /* Sources */,
				A22356E117B3804100D23E7C /* Frameworks */,
				A22356E217B3804100D23E7C /* Resources */,
			);
			buildRules = (
			);
			dependencies = (
			);
			name = PanoramioMania;
			productName = PanoramioMania;
			productReference = A22356E417B3804100D23E7C /* PanoramioMania.app */;
			productType = "com.apple.product-type.application";
		};
		A223570417B3804200D23E7C /* PanoramioManiaTests */ = {
			isa = PBXNativeTarget;
			buildConfigurationList = A223571917B3804200D23E7C /* Build configuration list for PBXNativeTarget "PanoramioManiaTests" */;
			buildPhases = (
				A223570117B3804200D23E7C /* Sources */,
				A223570217B3804200D23E7C /* Frameworks */,
				A223570317B3804200D23E7C /* Resources */,
			);
			buildRules = (
			);
			dependencies = (
				A223570B17B3804200D23E7C /* PBXTargetDependency */,
			);
			name = PanoramioManiaTests;
			productName = PanoramioManiaTests;
			productReference = A223570517B3804200D23E7C /* PanoramioManiaTests.xctest */;
			productType = "com.apple.product-type.bundle.unit-test";
		};
/* End PBXNativeTarget section */

/* Begin PBXProject section */
		A22356DC17B3804100D23E7C /* Project object */ = {
			isa = PBXProject;
			attributes = {
				LastUpgradeCheck = 0500;
				ORGANIZATIONNAME = Hasan_Sawaed;
				TargetAttributes = {
					A22356E317B3804100D23E7C = {
						DevelopmentTeam = A3JC2SBNCR;
					};
					A223570417B3804200D23E7C = {
						TestTargetID = A22356E317B3804100D23E7C;
					};
				};
			};
			buildConfigurationList = A22356DF17B3804100D23E7C /* Build configuration list for PBXProject "PanoramioMania" */;
			compatibilityVersion = "Xcode 3.2";
			developmentRegion = English;
			hasScannedForEncodings = 0;
			knownRegions = (
				en,
				Base,
			);
			mainGroup = A22356DB17B3804100D23E7C;
			productRefGroup = A22356E517B3804100D23E7C /* Products */;
			projectDirPath = "";
			projectRoot = "";
			targets = (
				A22356E317B3804100D23E7C /* PanoramioMania */,
				A223570417B3804200D23E7C /* PanoramioManiaTests */,
			);
		};
/* End PBXProject section */

/* Begin PBXResourcesBuildPhase section */
		A22356E217B3804100D23E7C /* Resources */ = {
			isa = PBXResourcesBuildPhase;
			buildActionMask = 2147483647;
			files = (
				A2A8C67417B437DD0042EA88 /* PanoramioMania.plist in Resources */,
				A223572D17B382DD00D23E7C /* icon.png in Resources */,
				A223572E17B382DD00D23E7C /* panoramio.png in Resources */,
				A223570017B3804100D23E7C /* Images.xcassets in Resources */,
				A22356F217B3804100D23E7C /* InfoPlist.strings in Resources */,
				A22356FB17B3804100D23E7C /* Main.storyboard in Resources */,
			);
			runOnlyForDeploymentPostprocessing = 0;
		};
		A223570317B3804200D23E7C /* Resources */ = {
			isa = PBXResourcesBuildPhase;
			buildActionMask = 2147483647;
			files = (
				A223571117B3804200D23E7C /* InfoPlist.strings in Resources */,
			);
			runOnlyForDeploymentPostprocessing = 0;
		};
/* End PBXResourcesBuildPhase section */

/* Begin PBXSourcesBuildPhase section */
		A22356E017B3804100D23E7C /* Sources */ = {
			isa = PBXSourcesBuildPhase;
			buildActionMask = 2147483647;
			files = (
				A2A8C68D17B45A9C0042EA88 /* PanoramioDataModelController.m in Sources */,
				A22356FE17B3804100D23E7C /* ViewController.m in Sources */,
				A23EDCB717B5A06200B1F695 /* GameController.m in Sources */,
				A2A8C67D17B43EC80042EA88 /* Continent.m in Sources */,
				A223573417B3F05900D23E7C /* panoramioObject.m in Sources */,
				A2A8C68317B43EC80042EA88 /* Country.m in Sources */,
				A2A8C67717B43D150042EA88 /* PanoramioModel.xcdatamodeld in Sources */,
				A2A8C68017B43EC80042EA88 /* City.m in Sources */,
				A2A8C67A17B43EC70042EA88 /* Location.m in Sources */,
				A223573717B3F06F00D23E7C /* AsyncImageView.m in Sources */,
				A22356F817B3804100D23E7C /* AppDelegate.m in Sources */,
				A20DDC6617B57B0400C26A1D /* NSMutableArray+Shuffle.m in Sources */,
				A22356F417B3804100D23E7C /* main.m in Sources */,
				A223573317B3F05900D23E7C /* PanoramioController.m in Sources */,
			);
			runOnlyForDeploymentPostprocessing = 0;
		};
		A223570117B3804200D23E7C /* Sources */ = {
			isa = PBXSourcesBuildPhase;
			buildActionMask = 2147483647;
			files = (
				A2A8C68E17B45A9C0042EA88 /* PanoramioDataModelController.m in Sources */,
				A223571317B3804200D23E7C /* PanoramioManiaTests.m in Sources */,
			);
			runOnlyForDeploymentPostprocessing = 0;
		};
/* End PBXSourcesBuildPhase section */

/* Begin PBXTargetDependency section */
		A223570B17B3804200D23E7C /* PBXTargetDependency */ = {
			isa = PBXTargetDependency;
			target = A22356E317B3804100D23E7C /* PanoramioMania */;
			targetProxy = A223570A17B3804200D23E7C /* PBXContainerItemProxy */;
		};
/* End PBXTargetDependency section */

/* Begin PBXVariantGroup section */
		A22356F017B3804100D23E7C /* InfoPlist.strings */ = {
			isa = PBXVariantGroup;
			children = (
				A22356F117B3804100D23E7C /* en */,
			);
			name = InfoPlist.strings;
			sourceTree = "<group>";
		};
		A22356F917B3804100D23E7C /* Main.storyboard */ = {
			isa = PBXVariantGroup;
			children = (
				A22356FA17B3804100D23E7C /* Base */,
			);
			name = Main.storyboard;
			sourceTree = "<group>";
		};
		A223570F17B3804200D23E7C /* InfoPlist.strings */ = {
			isa = PBXVariantGroup;
			children = (
				A223571017B3804200D23E7C /* en */,
			);
			name = InfoPlist.strings;
			sourceTree = "<group>";
		};
/* End PBXVariantGroup section */

/* Begin XCBuildConfiguration section */
		A223571417B3804200D23E7C /* Debug */ = {
			isa = XCBuildConfiguration;
			buildSettings = {
				ALWAYS_SEARCH_USER_PATHS = NO;
				CLANG_CXX_LANGUAGE_STANDARD = "gnu++0x";
				CLANG_CXX_LIBRARY = "libc++";
				CLANG_ENABLE_MODULES = YES;
				CLANG_ENABLE_OBJC_ARC = YES;
				CLANG_WARN_BOOL_CONVERSION = YES;
				CLANG_WARN_CONSTANT_CONVERSION = YES;
				CLANG_WARN_DIRECT_OBJC_ISA_USAGE = YES_ERROR;
				CLANG_WARN_EMPTY_BODY = YES;
				CLANG_WARN_ENUM_CONVERSION = YES;
				CLANG_WARN_INT_CONVERSION = YES;
				CLANG_WARN_OBJC_ROOT_CLASS = YES_ERROR;
				CLANG_WARN__DUPLICATE_METHOD_MATCH = YES;
				"CODE_SIGN_IDENTITY[sdk=iphoneos*]" = "iPhone Developer";
				COPY_PHASE_STRIP = NO;
				GCC_C_LANGUAGE_STANDARD = gnu99;
				GCC_DYNAMIC_NO_PIC = NO;
				GCC_OPTIMIZATION_LEVEL = 0;
				GCC_PREPROCESSOR_DEFINITIONS = (
					"DEBUG=1",
					"$(inherited)",
				);
				GCC_SYMBOLS_PRIVATE_EXTERN = NO;
				GCC_WARN_ABOUT_RETURN_TYPE = YES_ERROR;
				GCC_WARN_UNDECLARED_SELECTOR = YES;
				GCC_WARN_UNINITIALIZED_AUTOS = YES;
				GCC_WARN_UNUSED_FUNCTION = YES;
				GCC_WARN_UNUSED_VARIABLE = YES;
				IPHONEOS_DEPLOYMENT_TARGET = 7.0;
				ONLY_ACTIVE_ARCH = YES;
				SDKROOT = iphoneos;
			};
			name = Debug;
		};
		A223571517B3804200D23E7C /* Release */ = {
			isa = XCBuildConfiguration;
			buildSettings = {
				ALWAYS_SEARCH_USER_PATHS = NO;
				CLANG_CXX_LANGUAGE_STANDARD = "gnu++0x";
				CLANG_CXX_LIBRARY = "libc++";
				CLANG_ENABLE_MODULES = YES;
				CLANG_ENABLE_OBJC_ARC = YES;
				CLANG_WARN_BOOL_CONVERSION = YES;
				CLANG_WARN_CONSTANT_CONVERSION = YES;
				CLANG_WARN_DIRECT_OBJC_ISA_USAGE = YES_ERROR;
				CLANG_WARN_EMPTY_BODY = YES;
				CLANG_WARN_ENUM_CONVERSION = YES;
				CLANG_WARN_INT_CONVERSION = YES;
				CLANG_WARN_OBJC_ROOT_CLASS = YES_ERROR;
				CLANG_WARN__DUPLICATE_METHOD_MATCH = YES;
				"CODE_SIGN_IDENTITY[sdk=iphoneos*]" = "iPhone Developer";
				COPY_PHASE_STRIP = YES;
				ENABLE_NS_ASSERTIONS = NO;
				GCC_C_LANGUAGE_STANDARD = gnu99;
				GCC_WARN_ABOUT_RETURN_TYPE = YES_ERROR;
				GCC_WARN_UNDECLARED_SELECTOR = YES;
				GCC_WARN_UNINITIALIZED_AUTOS = YES;
				GCC_WARN_UNUSED_FUNCTION = YES;
				GCC_WARN_UNUSED_VARIABLE = YES;
				IPHONEOS_DEPLOYMENT_TARGET = 7.0;
				SDKROOT = iphoneos;
				VALIDATE_PRODUCT = YES;
			};
			name = Release;
		};
		A223571717B3804200D23E7C /* Debug */ = {
			isa = XCBuildConfiguration;
			buildSettings = {
				ASSETCATALOG_COMPILER_APPICON_NAME = AppIcon;
				ASSETCATALOG_COMPILER_LAUNCHIMAGE_NAME = LaunchImage;
				CODE_SIGN_IDENTITY = "iPhone Developer";
				"CODE_SIGN_IDENTITY[sdk=iphoneos*]" = "iPhone Developer";
				GCC_PRECOMPILE_PREFIX_HEADER = YES;
				GCC_PREFIX_HEADER = "PanoramioMania/PanoramioMania-Prefix.pch";
				INFOPLIST_FILE = "PanoramioMania/PanoramioMania-Info.plist";
				PRODUCT_NAME = "$(TARGET_NAME)";
				PROVISIONING_PROFILE = "";
				WRAPPER_EXTENSION = app;
			};
			name = Debug;
		};
		A223571817B3804200D23E7C /* Release */ = {
			isa = XCBuildConfiguration;
			buildSettings = {
				ASSETCATALOG_COMPILER_APPICON_NAME = AppIcon;
				ASSETCATALOG_COMPILER_LAUNCHIMAGE_NAME = LaunchImage;
				CODE_SIGN_IDENTITY = "iPhone Developer";
				"CODE_SIGN_IDENTITY[sdk=iphoneos*]" = "iPhone Developer";
				GCC_PRECOMPILE_PREFIX_HEADER = YES;
				GCC_PREFIX_HEADER = "PanoramioMania/PanoramioMania-Prefix.pch";
				INFOPLIST_FILE = "PanoramioMania/PanoramioMania-Info.plist";
				PRODUCT_NAME = "$(TARGET_NAME)";
				PROVISIONING_PROFILE = "";
				WRAPPER_EXTENSION = app;
			};
			name = Release;
		};
		A223571A17B3804200D23E7C /* Debug */ = {
			isa = XCBuildConfiguration;
			buildSettings = {
				BUNDLE_LOADER = "$(BUILT_PRODUCTS_DIR)/PanoramioMania.app/PanoramioMania";
				FRAMEWORK_SEARCH_PATHS = (
					"$(SDKROOT)/Developer/Library/Frameworks",
					"$(inherited)",
					"$(DEVELOPER_FRAMEWORKS_DIR)",
				);
				GCC_PRECOMPILE_PREFIX_HEADER = YES;
				GCC_PREFIX_HEADER = "PanoramioMania/PanoramioMania-Prefix.pch";
				GCC_PREPROCESSOR_DEFINITIONS = (
					"DEBUG=1",
					"$(inherited)",
				);
				INFOPLIST_FILE = "PanoramioManiaTests/PanoramioManiaTests-Info.plist";
				PRODUCT_NAME = "$(TARGET_NAME)";
				TEST_HOST = "$(BUNDLE_LOADER)";
				WRAPPER_EXTENSION = xctest;
			};
			name = Debug;
		};
		A223571B17B3804200D23E7C /* Release */ = {
			isa = XCBuildConfiguration;
			buildSettings = {
				BUNDLE_LOADER = "$(BUILT_PRODUCTS_DIR)/PanoramioMania.app/PanoramioMania";
				FRAMEWORK_SEARCH_PATHS = (
					"$(SDKROOT)/Developer/Library/Frameworks",
					"$(inherited)",
					"$(DEVELOPER_FRAMEWORKS_DIR)",
				);
				GCC_PRECOMPILE_PREFIX_HEADER = YES;
				GCC_PREFIX_HEADER = "PanoramioMania/PanoramioMania-Prefix.pch";
				INFOPLIST_FILE = "PanoramioManiaTests/PanoramioManiaTests-Info.plist";
				PRODUCT_NAME = "$(TARGET_NAME)";
				TEST_HOST = "$(BUNDLE_LOADER)";
				WRAPPER_EXTENSION = xctest;
			};
			name = Release;
		};
/* End XCBuildConfiguration section */

/* Begin XCConfigurationList section */
		A22356DF17B3804100D23E7C /* Build configuration list for PBXProject "PanoramioMania" */ = {
			isa = XCConfigurationList;
			buildConfigurations = (
				A223571417B3804200D23E7C /* Debug */,
				A223571517B3804200D23E7C /* Release */,
			);
			defaultConfigurationIsVisible = 0;
			defaultConfigurationName = Release;
		};
		A223571617B3804200D23E7C /* Build configuration list for PBXNativeTarget "PanoramioMania" */ = {
			isa = XCConfigurationList;
			buildConfigurations = (
				A223571717B3804200D23E7C /* Debug */,
				A223571817B3804200D23E7C /* Release */,
			);
			defaultConfigurationIsVisible = 0;
			defaultConfigurationName = Release;
		};
		A223571917B3804200D23E7C /* Build configuration list for PBXNativeTarget "PanoramioManiaTests" */ = {
			isa = XCConfigurationList;
			buildConfigurations = (
				A223571A17B3804200D23E7C /* Debug */,
				A223571B17B3804200D23E7C /* Release */,
			);
			defaultConfigurationIsVisible = 0;
			defaultConfigurationName = Release;
		};
/* End XCConfigurationList section */

/* Begin XCVersionGroup section */
		A2A8C67517B43D150042EA88 /* PanoramioModel.xcdatamodeld */ = {
			isa = XCVersionGroup;
			children = (
				A2A8C67617B43D150042EA88 /* PanoramioModel.xcdatamodel */,
			);
			currentVersion = A2A8C67617B43D150042EA88 /* PanoramioModel.xcdatamodel */;
			name = PanoramioModel.xcdatamodeld;
			path = PanoramioMania/PanoramioModel.xcdatamodeld;
			sourceTree = "<group>";
			versionGroupType = wrapper.xcdatamodel;
		};
/* End XCVersionGroup section */
	};
	rootObject = A22356DC17B3804100D23E7C /* Project object */;
}
